
Microsoft Visual Studio Solution File, Format Version 12.00
# Visual Studio Version 16
VisualStudioVersion = 16.0.31702.278
MinimumVisualStudioVersion = 10.0.40219.1
Project("{2150E333-8FDC-42A3-9474-1A3956D46DE8}") = "Services", "Services", "{4A73CCF6-402E-408B-BA15-496CE64C32B8}"
EndProject
Project("{2150E333-8FDC-42A3-9474-1A3956D46DE8}") = "Catalog", "Catalog", "{C2DDB487-3E29-4061-9DA3-41B70E20D1B9}"
EndProject
Project("{9A19103F-16F7-4668-BE54-9A1E7A4F7556}") = "Catalog.API", "Services\Catalog\Catalog.API\Catalog.API.csproj", "{BC17D21B-2CDD-4D04-A4A6-8C8D4271910F}"
EndProject
Project("{E53339B2-1760-4266-BCC7-CA923CBCF16C}") = "docker-compose", "docker-compose.dcproj", "{4FE635A3-B552-44A0-A01B-6C289E0B2F82}"
EndProject
Project("{2150E333-8FDC-42A3-9474-1A3956D46DE8}") = "Basket", "Basket", "{93502B90-A801-419D-948F-9E3DB7122DC0}"
EndProject
Project("{9A19103F-16F7-4668-BE54-9A1E7A4F7556}") = "Basket.API", "Services\Basket\Basket.API\Basket.API.csproj", "{5A257F77-FFB1-43CC-B1CF-F220AE143743}"
EndProject
Project("{2150E333-8FDC-42A3-9474-1A3956D46DE8}") = "Discount", "Discount", "{A69007E5-A3F8-44BD-BF8C-8A4BB5B217E5}"
EndProject
Project("{FAE04EC0-301F-11D3-BF4B-00C04F79EFBC}") = "Discount.Grpc", "Services\Discount\Discount.Grpc\Discount.Grpc.csproj", "{4D519A53-4B1C-47C8-B132-6A1B00064CA0}"
EndProject
Project("{9A19103F-16F7-4668-BE54-9A1E7A4F7556}") = "Discount.API", "Services\Discount\Discount.API\Discount.API.csproj", "{FBF06ACC-79D7-4DEE-958A-2C64B22B8420}"
EndProject
Global
	GlobalSection(SolutionConfigurationPlatforms) = preSolution
		Debug|Any CPU = Debug|Any CPU
		Release|Any CPU = Release|Any CPU
	EndGlobalSection
	GlobalSection(ProjectConfigurationPlatforms) = postSolution
		{BC17D21B-2CDD-4D04-A4A6-8C8D4271910F}.Debug|Any CPU.ActiveCfg = Debug|Any CPU
		{BC17D21B-2CDD-4D04-A4A6-8C8D4271910F}.Debug|Any CPU.Build.0 = Debug|Any CPU
		{BC17D21B-2CDD-4D04-A4A6-8C8D4271910F}.Release|Any CPU.ActiveCfg = Release|Any CPU
		{BC17D21B-2CDD-4D04-A4A6-8C8D4271910F}.Release|Any CPU.Build.0 = Release|Any CPU
		{4FE635A3-B552-44A0-A01B-6C289E0B2F82}.Debug|Any CPU.ActiveCfg = Debug|Any CPU
		{4FE635A3-B552-44A0-A01B-6C289E0B2F82}.Debug|Any CPU.Build.0 = Debug|Any CPU
		{4FE635A3-B552-44A0-A01B-6C289E0B2F82}.Release|Any CPU.ActiveCfg = Release|Any CPU
		{4FE635A3-B552-44A0-A01B-6C289E0B2F82}.Release|Any CPU.Build.0 = Release|Any CPU
		{5A257F77-FFB1-43CC-B1CF-F220AE143743}.Debug|Any CPU.ActiveCfg = Debug|Any CPU
		{5A257F77-FFB1-43CC-B1CF-F220AE143743}.Debug|Any CPU.Build.0 = Debug|Any CPU
		{5A257F77-FFB1-43CC-B1CF-F220AE143743}.Release|Any CPU.ActiveCfg = Release|Any CPU
		{5A257F77-FFB1-43CC-B1CF-F220AE143743}.Release|Any CPU.Build.0 = Release|Any CPU
		{4D519A53-4B1C-47C8-B132-6A1B00064CA0}.Debug|Any CPU.ActiveCfg = Debug|Any CPU
		{4D519A53-4B1C-47C8-B132-6A1B00064CA0}.Debug|Any CPU.Build.0 = Debug|Any CPU
		{4D519A53-4B1C-47C8-B132-6A1B00064CA0}.Release|Any CPU.ActiveCfg = Release|Any CPU
		{4D519A53-4B1C-47C8-B132-6A1B00064CA0}.Release|Any CPU.Build.0 = Release|Any CPU
		{FBF06ACC-79D7-4DEE-958A-2C64B22B8420}.Debug|Any CPU.ActiveCfg = Debug|Any CPU
		{FBF06ACC-79D7-4DEE-958A-2C64B22B8420}.Debug|Any CPU.Build.0 = Debug|Any CPU
		{FBF06ACC-79D7-4DEE-958A-2C64B22B8420}.Release|Any CPU.ActiveCfg = Release|Any CPU
		{FBF06ACC-79D7-4DEE-958A-2C64B22B8420}.Release|Any CPU.Build.0 = Release|Any CPU
	EndGlobalSection
	GlobalSection(SolutionProperties) = preSolution
		HideSolutionNode = FALSE
	EndGlobalSection
	GlobalSection(NestedProjects) = preSolution
		{C2DDB487-3E29-4061-9DA3-41B70E20D1B9} = {4A73CCF6-402E-408B-BA15-496CE64C32B8}
		{BC17D21B-2CDD-4D04-A4A6-8C8D4271910F} = {C2DDB487-3E29-4061-9DA3-41B70E20D1B9}
		{93502B90-A801-419D-948F-9E3DB7122DC0} = {4A73CCF6-402E-408B-BA15-496CE64C32B8}
		{5A257F77-FFB1-43CC-B1CF-F220AE143743} = {93502B90-A801-419D-948F-9E3DB7122DC0}
		{A69007E5-A3F8-44BD-BF8C-8A4BB5B217E5} = {4A73CCF6-402E-408B-BA15-496CE64C32B8}
		{4D519A53-4B1C-47C8-B132-6A1B00064CA0} = {A69007E5-A3F8-44BD-BF8C-8A4BB5B217E5}
		{FBF06ACC-79D7-4DEE-958A-2C64B22B8420} = {A69007E5-A3F8-44BD-BF8C-8A4BB5B217E5}
	EndGlobalSection
	GlobalSection(ExtensibilityGlobals) = postSolution
		SolutionGuid = {4100BEA3-A48E-4051-B85E-9CC912145D11}
	EndGlobalSection
EndGlobal
